{
  "name": "collider",
  "version": "1.0.0",
  "lockfileVersion": 1,
  "requires": true,
  "dependencies": {
    "@types/node": {
      "version": "9.6.30",
      "resolved": "https://registry.npmjs.org/@types/node/-/node-9.6.30.tgz",
      "integrity": "sha512-mFkVM9yFexPPKm0sidVyEzM8F0O06W3vZ8QnjHYa3AB1uvtPOayGKLrXlXIKOdJ7LOE+zilhxYbGPy/34QTgrw==",
      "dev": true
    },
    "typescript": {
      "version": "2.7.1",
      "resolved": "https://registry.npmjs.org/typescript/-/typescript-2.7.1.tgz",
      "integrity": "sha512-bqB1yS6o9TNA9ZC/MJxM0FZzPnZdtHj0xWK/IZ5khzVqdpGul/R/EIiHRgFXlwTD7PSIaYVnGKq1QgMCu2mnqw==",
      "dev": true
    },
    "webhost-server-spa": {
      "version": "0.0.9",
      "resolved": "https://registry.npmjs.org/webhost-server-spa/-/webhost-server-spa-0.0.9.tgz",
      "integrity": "sha512-Y01RYGCkvG40fla0Lf0slWg615SE9vOWo09BpONALJGb6+Ztol8UQfOtshoptFrYTo/9UQYZsySB2A4MIfw2Jw==",
      "dev": true,
      "requires": {
        "webhost": "0.0.22"
      },
      "dependencies": {
        "webhost": {
          "version": "0.0.22",
          "resolved": "https://registry.npmjs.org/webhost/-/webhost-0.0.22.tgz",
          "integrity": "sha512-sQwet8oS+vtHghTczJGT+0V+/iQqzFO91lCi8rOG1rxEoFYbNJn1ABqCFGXTOQFBs+xzIF/LI+dQXOvgLoaOCA==",
          "dev": true
        }
      }
    }
  }
}
