{
  "name": "one",
  "version": "0.0.0",
  "lockfileVersion": 1,
  "requires": true,
  "dependencies": {
    "webhost": {
      "version": "0.0.23",
      "resolved": "https://registry.npmjs.org/webhost/-/webhost-0.0.23.tgz",
      "integrity": "sha512-9o7tDvyGYECubQWfKYZCXjwRYorieS/S6NkylvBOBKV1x7iJTohdhKN1e7KLXBn/JSB4o3opLZCdzVJ6GIqelw=="
    }
  }
}
