{
  "name": "tool",
  "version": "0.0.1",
  "lockfileVersion": 1,
  "requires": true,
  "dependencies": {
    "@types/node": {
      "version": "16.11.6",
      "resolved": "https://registry.npmjs.org/@types/node/-/node-16.11.6.tgz",
      "integrity": "sha512-ua7PgUoeQFjmWPcoo9khiPum3Pd60k4/2ZGXt18sm2Slk0W0xZTqt5Y0Ny1NyBiN1EVQ/+FaF9NcY4Qe6rwk5w==",
      "dev": true
    },
    "providerjs": {
      "version": "file:../../libs/providerjs-0.0.13-19.tgz",
      "integrity": "sha512-1vaju/Osx64j/jMGo2AkmHWqK6pIxxad1CnlI7UJIHgxbl1kskDjclp/vH5b7vbPJvcgyPFtXl9LPKE36TPcOA==",
      "requires": {
        "reflect-metadata": "^0.1.13",
        "tslib": "^2.0.1"
      }
    },
    "reflect-metadata": {
      "version": "0.1.13",
      "resolved": "https://registry.npmjs.org/reflect-metadata/-/reflect-metadata-0.1.13.tgz",
      "integrity": "sha512-Ts1Y/anZELhSsjMcU605fU9RE4Oi3p5ORujwbIKXfWa+0Zxs510Qrmrce5/Jowq3cHSZSJqBjypxmHarc+vEWg=="
    },
    "tslib": {
      "version": "2.3.1",
      "resolved": "https://registry.npmjs.org/tslib/-/tslib-2.3.1.tgz",
      "integrity": "sha512-77EbyPPpMz+FRFRuAFlWMtmgUWGe9UOG2Z25NqCwiIjRhOf5iKGuzSe5P2w1laq+FkRy4p+PCuVkJSGkzTEKVw=="
    },
    "typescript": {
      "version": "4.4.4",
      "resolved": "https://registry.npmjs.org/typescript/-/typescript-4.4.4.tgz",
      "integrity": "sha512-DqGhF5IKoBl8WNf8C1gu8q0xZSInh9j1kJJMqT3a94w1JzVaBU4EXOSMrz9yDqMT0xt3selp83fuFMQ0uzv6qA==",
      "dev": true
    },
    "webhost": {
      "version": "file:../../libs/webhost-0.1.2-27.tgz",
      "integrity": "sha512-055eFOa+2r7NwawEv2kqRu8I8OMXhMVqjeNu1YHbpiCKGyJLMoS5X6TIXmei+zFIydaRbdTDLhvyHiXcnfQfjQ==",
      "requires": {
        "providerjs": "file:../../libs/providerjs-0.0.13-19.tgz"
      }
    }
  }
}
